<Solution>
    <Folder Name="/Solution Items/">
        <File Path=".editorconfig"/>
        <File Path="Directory.Build.props"/>
        <File Path="Directory.Build.targets"/>
        <File Path="Directory.Packages.props"/>
        <File Path="global.json"/>
        <File Path="nuget.config"/>
        <File Path="README.md"/>
        <File Path="LICENSE"/>
    </Folder>
    <Folder Name="/src/">
        <Project Path="src/ANcpLua.Analyzers.AnalyzerDocs/ANcpLua.Analyzers.AnalyzerDocs.csproj"/>
        <Project Path="src/ANcpLua.Analyzers.AnalyzerDocsGenerator/ANcpLua.Analyzers.AnalyzerDocsGenerator.csproj"/>
        <Project Path="src/ANcpLua.Analyzers.CodeFixes/ANcpLua.Analyzers.CodeFixes.csproj"/>
        <Project Path="src/ANcpLua.Analyzers/ANcpLua.Analyzers.csproj"/>
    </Folder>
    <Folder Name="/tests/">
        <Project Path="tests/ANcpLua.Analyzers.Tests/ANcpLua.Analyzers.Tests.csproj"/>
    </Folder>
</Solution>